
Microsoft Visual Studio Solution File, Format Version 12.00
# Visual Studio 15
VisualStudioVersion = 15.0.28307.1300
MinimumVisualStudioVersion = 10.0.40219.1
Project("{FAE04EC0-301F-11D3-BF4B-00C04F79EFBC}") = "MPFrameworkClient", "MPFrameworkClient.csproj", "{901C6DB8-C0C0-4B2F-A7D0-9B5D9328A5CF}"
EndProject
Project("{FAE04EC0-301F-11D3-BF4B-00C04F79EFBC}") = "MPFrameworkServer", "..\MPFrameworkServer\MPFrameworkServer.csproj", "{B24FFA1B-A734-4DB6-917C-8BC7F75095BE}"
EndProject
Global
	GlobalSection(SolutionConfigurationPlatforms) = preSolution
		Debug|Any CPU = Debug|Any CPU
		Release|Any CPU = Release|Any CPU
	EndGlobalSection
	GlobalSection(ProjectConfigurationPlatforms) = postSolution
		{901C6DB8-C0C0-4B2F-A7D0-9B5D9328A5CF}.Debug|Any CPU.ActiveCfg = Debug|Any CPU
		{901C6DB8-C0C0-4B2F-A7D0-9B5D9328A5CF}.Debug|Any CPU.Build.0 = Debug|Any CPU
		{901C6DB8-C0C0-4B2F-A7D0-9B5D9328A5CF}.Release|Any CPU.ActiveCfg = Release|Any CPU
		{901C6DB8-C0C0-4B2F-A7D0-9B5D9328A5CF}.Release|Any CPU.Build.0 = Release|Any CPU
		{B24FFA1B-A734-4DB6-917C-8BC7F75095BE}.Debug|Any CPU.ActiveCfg = Debug|Any CPU
		{B24FFA1B-A734-4DB6-917C-8BC7F75095BE}.Debug|Any CPU.Build.0 = Debug|Any CPU
		{B24FFA1B-A734-4DB6-917C-8BC7F75095BE}.Release|Any CPU.ActiveCfg = Release|Any CPU
		{B24FFA1B-A734-4DB6-917C-8BC7F75095BE}.Release|Any CPU.Build.0 = Release|Any CPU
	EndGlobalSection
	GlobalSection(SolutionProperties) = preSolution
		HideSolutionNode = FALSE
	EndGlobalSection
	GlobalSection(ExtensibilityGlobals) = postSolution
		SolutionGuid = {ED507806-387C-4300-8A62-E7E03278E92C}
	EndGlobalSection
EndGlobal
